// !$*UTF8*$!
{
	archiveVersion = 1;
	classes = {
	};
	objectVersion = 46;
	objects = {

/* Begin PBXBuildFile section */
		155655C21A4855F90041AE4F /* main.m in Sources */ = {isa = PBXBuildFile; fileRef = 155655C11A4855F90041AE4F /* main.m */; };
		155655C51A4855F90041AE4F /* JSTAppDelegate.m in Sources */ = {isa = PBXBuildFile; fileRef = 155655C41A4855F90041AE4F /* JSTAppDelegate.m */; };
		155655C81A4855F90041AE4F /* JitterTISensorTag.xcdatamodeld in Sources */ = {isa = PBXBuildFile; fileRef = 155655C61A4855F90041AE4F /* JitterTISensorTag.xcdatamodeld */; };
		155655D01A4855FA0041AE4F /* Images.xcassets in Resources */ = {isa = PBXBuildFile; fileRef = 155655CF1A4855FA0041AE4F /* Images.xcassets */; };
		155655DF1A4855FA0041AE4F /* JitterTISensorTagTests.m in Sources */ = {isa = PBXBuildFile; fileRef = 155655DE1A4855FA0041AE4F /* JitterTISensorTagTests.m */; };
		155655EB1A4857280041AE4F /* Default-568h@2x.png in Resources */ = {isa = PBXBuildFile; fileRef = 155655EA1A4857280041AE4F /* Default-568h@2x.png */; };
		364BE21BCD96184004AB5552 /* JSTDetailsHeaderView.m in Sources */ = {isa = PBXBuildFile; fileRef = 364BEA64787B32970A3C4409 /* JSTDetailsHeaderView.m */; };
		364BE3EA52189F3AF34C8732 /* JSTRootViewCell.m in Sources */ = {isa = PBXBuildFile; fileRef = 364BE556509A4BC93A9DAA5F /* JSTRootViewCell.m */; };
		364BE4FDE6D6BCBE2F62E439 /* JSTHandshakeViewController.m in Sources */ = {isa = PBXBuildFile; fileRef = 364BE8886FF1DBB0A0353739 /* JSTHandshakeViewController.m */; };
		364BE6A811F5F68BB6BA4311 /* JSTPressureViewController.m in Sources */ = {isa = PBXBuildFile; fileRef = 364BEDC013F15EF30F4A7C13 /* JSTPressureViewController.m */; };
		364BE780EBC9A9D2D49D1A59 /* JSTPressureView.m in Sources */ = {isa = PBXBuildFile; fileRef = 364BEE5FE71857CE961E6E82 /* JSTPressureView.m */; };
		364BEA5E25D9E57308ACED8E /* JSTWandView.m in Sources */ = {isa = PBXBuildFile; fileRef = 364BE4DA2F0ECB6E3B33B5E0 /* JSTWandView.m */; };
		364BEB24123CE542BAF2607E /* JSTBlowViewController.m in Sources */ = {isa = PBXBuildFile; fileRef = 364BE930A0451EFA117F4F4A /* JSTBlowViewController.m */; };
		364BEBD72C480CA15EFDA362 /* JSTWandViewController.m in Sources */ = {isa = PBXBuildFile; fileRef = 364BEE9F091E23C0CF50A3FB /* JSTWandViewController.m */; };
		364BEBE463E1ACC9EF663D7C /* JSTRootViewController.m in Sources */ = {isa = PBXBuildFile; fileRef = 364BE52908B3E5E6E638098E /* JSTRootViewController.m */; };
		364BEDAD834A059D842E90C0 /* UIColor+JSTExtensions.m in Sources */ = {isa = PBXBuildFile; fileRef = 364BE804B85008006D58DC4B /* UIColor+JSTExtensions.m */; };
		364BEE3E9F3F5AF001071AEC /* JSTHandshakeView.m in Sources */ = {isa = PBXBuildFile; fileRef = 364BEEED4B58374DB306586D /* JSTHandshakeView.m */; };
		364BEF7A83A7EEC0441EA534 /* mce_st_icons.ttf in Resources */ = {isa = PBXBuildFile; fileRef = 364BEB01CE37364DB529A71C /* mce_st_icons.ttf */; };
		364BEF7C19ADB1ED844BF289 /* JSTBlowView.m in Sources */ = {isa = PBXBuildFile; fileRef = 364BE8F46393D86B2568088E /* JSTBlowView.m */; };
		3865311A7CFD967FB7E60B50 /* JSTClickerViewController.m in Sources */ = {isa = PBXBuildFile; fileRef = 38653720FB4DEEF922C8A85B /* JSTClickerViewController.m */; };
		3865317CE8BEB005C66541FC /* JSTSafeCombinationValue.m in Sources */ = {isa = PBXBuildFile; fileRef = 3865338C580E537D80960DCF /* JSTSafeCombinationValue.m */; };
		38653250807910DB0FFB2AB1 /* JSTClicker.m in Sources */ = {isa = PBXBuildFile; fileRef = 38653109FC3CBD42EA33EB59 /* JSTClicker.m */; };
		3865332A1FD887DA823AF9D7 /* JSTMorseDetector.m in Sources */ = {isa = PBXBuildFile; fileRef = 386532CA90AF2C1D6928E174 /* JSTMorseDetector.m */; };
		3865335197807DB328DBC7BD /* JSTDiceViewController.m in Sources */ = {isa = PBXBuildFile; fileRef = 3865389BF461D4DEA955AFC3 /* JSTDiceViewController.m */; };
		38653448054449F665EB9404 /* JSTBaseSensor.m in Sources */ = {isa = PBXBuildFile; fileRef = 386539A57EEB43A02AA6681D /* JSTBaseSensor.m */; };
		38653472EA11C4D380748083 /* JSTMorseView.m in Sources */ = {isa = PBXBuildFile; fileRef = 386534282B40AB788CE265EF /* JSTMorseView.m */; };
		386534BFD4BC7255B555715F /* JSTCadenceViewController.m in Sources */ = {isa = PBXBuildFile; fileRef = 38653AB8B07F3A5CC4590836 /* JSTCadenceViewController.m */; };
		386535772BC8E97D11109519 /* JSTDice.m in Sources */ = {isa = PBXBuildFile; fileRef = 386532E4436ABB0AD3A01847 /* JSTDice.m */; };
		386536B3DF8129C6A50941B1 /* JSTSafeViewController.m in Sources */ = {isa = PBXBuildFile; fileRef = 386538CE5D69BC05727E2797 /* JSTSafeViewController.m */; };
		386536CFEAED484BF6BBB134 /* JSTCadenceView.m in Sources */ = {isa = PBXBuildFile; fileRef = 386536575994D5002A8330E1 /* JSTCadenceView.m */; };
		386536F43E08D1BBF7F13395 /* JSTSensorTag.m in Sources */ = {isa = PBXBuildFile; fileRef = 3865357A7AE28FEC7611DE0C /* JSTSensorTag.m */; };
		386537103BF9B83839200242 /* JSTMorseViewController.m in Sources */ = {isa = PBXBuildFile; fileRef = 38653BB4782E159E032642C6 /* JSTMorseViewController.m */; };
		3865371045199DF9975570ED /* JSTRootView.m in Sources */ = {isa = PBXBuildFile; fileRef = 38653F8B56D4EA4BCBF0FFDB /* JSTRootView.m */; };
		386537B52CF6C10ACF11359E /* JSTKeysSensor.m in Sources */ = {isa = PBXBuildFile; fileRef = 3865347D114AD66F1E077E32 /* JSTKeysSensor.m */; };
		386537BB0D9CA077027C3C13 /* JSTIRSensor.m in Sources */ = {isa = PBXBuildFile; fileRef = 386537669231FF0A3D6C2D64 /* JSTIRSensor.m */; };
		386538D2E3A4650277A553E2 /* JSTPressureSensor.m in Sources */ = {isa = PBXBuildFile; fileRef = 3865308B5F59543B5BBF159F /* JSTPressureSensor.m */; };
		3865392909AE283B4E866461 /* JSTDiceView.m in Sources */ = {isa = PBXBuildFile; fileRef = 3865334A5152EA2ED32913FB /* JSTDiceView.m */; };
		38653A07364FB9C45CC0906C /* JSTSensorConstants.m in Sources */ = {isa = PBXBuildFile; fileRef = 3865352A3013414A0ED78616 /* JSTSensorConstants.m */; };
		38653B71DA077FC9C4896461 /* JSTHumiditySensor.m in Sources */ = {isa = PBXBuildFile; fileRef = 38653C7FD4D1A9A89B339FBA /* JSTHumiditySensor.m */; };
		38653BD155B305DB0C53EBA5 /* JSTAccelerometerSensor.m in Sources */ = {isa = PBXBuildFile; fileRef = 38653EA17B3A59525108BC6C /* JSTAccelerometerSensor.m */; };
		38653C0DDCF1B568E4A3924F /* JSTSafe.m in Sources */ = {isa = PBXBuildFile; fileRef = 3865314BC16F584CA5C032C2 /* JSTSafe.m */; };
		38653C4B72CC4AA3680C3BE5 /* JSTGyroscopeSensor.m in Sources */ = {isa = PBXBuildFile; fileRef = 386539A070FBD21D292E1E21 /* JSTGyroscopeSensor.m */; };
		38653DDD343714937308BF0C /* CBUUID+StringRepresentation.m in Sources */ = {isa = PBXBuildFile; fileRef = 386537046D2C4C924EEC0026 /* CBUUID+StringRepresentation.m */; };
		38653E60BBCAED2440081DE1 /* JSTSafeView.m in Sources */ = {isa = PBXBuildFile; fileRef = 3865332E285F74BB57BA1729 /* JSTSafeView.m */; };
		38653EB9ADED557CF4579587 /* JSTMagnetometerSensor.m in Sources */ = {isa = PBXBuildFile; fileRef = 38653CE9A09239C919DAD187 /* JSTMagnetometerSensor.m */; };
		38653F88434FEF10EDBF6D23 /* JSTSensorManager.m in Sources */ = {isa = PBXBuildFile; fileRef = 38653B1E939555F6F37BE245 /* JSTSensorManager.m */; };
		38653FF3CE1CF4C32D05EF22 /* JSTClickerView.m in Sources */ = {isa = PBXBuildFile; fileRef = 38653DA08CC9DF525153C353 /* JSTClickerView.m */; };
		67A1A83B1A7FE24A00D0C092 /* Accounts.framework in Frameworks */ = {isa = PBXBuildFile; fileRef = 67A1A83A1A7FE24A00D0C092 /* Accounts.framework */; };
		67BDBC681A4EE1B7000AF79C /* CoreBluetooth.framework in Frameworks */ = {isa = PBXBuildFile; fileRef = 67BDBC671A4EE1B7000AF79C /* CoreBluetooth.framework */; };
		EF3164A947D847E821A1C3E4 /* libPods.a in Frameworks */ = {isa = PBXBuildFile; fileRef = 1481FE7D94BCC8BB2B7285B7 /* libPods.a */; };
/* End PBXBuildFile section */

/* Begin PBXContainerItemProxy section */
		155655D91A4855FA0041AE4F /* PBXContainerItemProxy */ = {
			isa = PBXContainerItemProxy;
			containerPortal = 155655B41A4855F90041AE4F /* Project object */;
			proxyType = 1;
			remoteGlobalIDString = 155655BB1A4855F90041AE4F;
			remoteInfo = JitterTISensorTag;
		};
/* End PBXContainerItemProxy section */

/* Begin PBXFileReference section */
		1481FE7D94BCC8BB2B7285B7 /* libPods.a */ = {isa = PBXFileReference; explicitFileType = archive.ar; includeInIndex = 0; path = libPods.a; sourceTree = BUILT_PRODUCTS_DIR; };
		155655BC1A4855F90041AE4F /* JitterTISensorTag.app */ = {isa = PBXFileReference; explicitFileType = wrapper.application; includeInIndex = 0; path = JitterTISensorTag.app; sourceTree = BUILT_PRODUCTS_DIR; };
		155655C01A4855F90041AE4F /* Info.plist */ = {isa = PBXFileReference; lastKnownFileType = text.plist.xml; path = Info.plist; sourceTree = "<group>"; };
		155655C11A4855F90041AE4F /* main.m */ = {isa = PBXFileReference; lastKnownFileType = sourcecode.c.objc; path = main.m; sourceTree = "<group>"; };
		155655C31A4855F90041AE4F /* JSTAppDelegate.h */ = {isa = PBXFileReference; lastKnownFileType = sourcecode.c.h; path = JSTAppDelegate.h; sourceTree = "<group>"; };
		155655C41A4855F90041AE4F /* JSTAppDelegate.m */ = {isa = PBXFileReference; lastKnownFileType = sourcecode.c.objc; path = JSTAppDelegate.m; sourceTree = "<group>"; };
		155655C71A4855F90041AE4F /* JitterTISensorTag.xcdatamodel */ = {isa = PBXFileReference; lastKnownFileType = wrapper.xcdatamodel; path = JitterTISensorTag.xcdatamodel; sourceTree = "<group>"; };
		155655CF1A4855FA0041AE4F /* Images.xcassets */ = {isa = PBXFileReference; lastKnownFileType = folder.assetcatalog; path = Images.xcassets; sourceTree = "<group>"; };
		155655D81A4855FA0041AE4F /* JitterTISensorTagTests.xctest */ = {isa = PBXFileReference; explicitFileType = wrapper.cfbundle; includeInIndex = 0; path = JitterTISensorTagTests.xctest; sourceTree = BUILT_PRODUCTS_DIR; };
		155655DD1A4855FA0041AE4F /* Info.plist */ = {isa = PBXFileReference; lastKnownFileType = text.plist.xml; path = Info.plist; sourceTree = "<group>"; };
		155655DE1A4855FA0041AE4F /* JitterTISensorTagTests.m */ = {isa = PBXFileReference; lastKnownFileType = sourcecode.c.objc; path = JitterTISensorTagTests.m; sourceTree = "<group>"; };
		155655EA1A4857280041AE4F /* Default-568h@2x.png */ = {isa = PBXFileReference; lastKnownFileType = image.png; path = "Default-568h@2x.png"; sourceTree = "<group>"; };
		364BE0B83FCE54864BD06DF0 /* JSTRootViewController.h */ = {isa = PBXFileReference; fileEncoding = 4; lastKnownFileType = sourcecode.c.h; path = JSTRootViewController.h; sourceTree = "<group>"; };
		364BE20A5FB6FCE0CE5C3C30 /* JSTWandView.h */ = {isa = PBXFileReference; fileEncoding = 4; lastKnownFileType = sourcecode.c.h; path = JSTWandView.h; sourceTree = "<group>"; };
		364BE3279ED9035C7402C15B /* JSTDetailsHeaderView.h */ = {isa = PBXFileReference; fileEncoding = 4; lastKnownFileType = sourcecode.c.h; path = JSTDetailsHeaderView.h; sourceTree = "<group>"; };
		364BE3C6FD2A60A6FBE5779A /* JSTRootViewCell.h */ = {isa = PBXFileReference; fileEncoding = 4; lastKnownFileType = sourcecode.c.h; path = JSTRootViewCell.h; sourceTree = "<group>"; };
		364BE4DA2F0ECB6E3B33B5E0 /* JSTWandView.m */ = {isa = PBXFileReference; fileEncoding = 4; lastKnownFileType = sourcecode.c.objc; path = JSTWandView.m; sourceTree = "<group>"; };
		364BE52908B3E5E6E638098E /* JSTRootViewController.m */ = {isa = PBXFileReference; fileEncoding = 4; lastKnownFileType = sourcecode.c.objc; path = JSTRootViewController.m; sourceTree = "<group>"; };
		364BE556509A4BC93A9DAA5F /* JSTRootViewCell.m */ = {isa = PBXFileReference; fileEncoding = 4; lastKnownFileType = sourcecode.c.objc; path = JSTRootViewCell.m; sourceTree = "<group>"; };
		364BE66E70E3D6038BF1717D /* JSTPressureViewController.h */ = {isa = PBXFileReference; fileEncoding = 4; lastKnownFileType = sourcecode.c.h; path = JSTPressureViewController.h; sourceTree = "<group>"; };
		364BE7EAB0DE296131D3328D /* UIColor+JSTExtensions.h */ = {isa = PBXFileReference; fileEncoding = 4; lastKnownFileType = sourcecode.c.h; path = "UIColor+JSTExtensions.h"; sourceTree = "<group>"; };
		364BE804B85008006D58DC4B /* UIColor+JSTExtensions.m */ = {isa = PBXFileReference; fileEncoding = 4; lastKnownFileType = sourcecode.c.objc; path = "UIColor+JSTExtensions.m"; sourceTree = "<group>"; };
		364BE8886FF1DBB0A0353739 /* JSTHandshakeViewController.m */ = {isa = PBXFileReference; fileEncoding = 4; lastKnownFileType = sourcecode.c.objc; path = JSTHandshakeViewController.m; sourceTree = "<group>"; };
		364BE8B37A16AC27E0B56B40 /* JSTHandshakeView.h */ = {isa = PBXFileReference; fileEncoding = 4; lastKnownFileType = sourcecode.c.h; path = JSTHandshakeView.h; sourceTree = "<group>"; };
		364BE8F46393D86B2568088E /* JSTBlowView.m */ = {isa = PBXFileReference; fileEncoding = 4; lastKnownFileType = sourcecode.c.objc; path = JSTBlowView.m; sourceTree = "<group>"; };
		364BE930A0451EFA117F4F4A /* JSTBlowViewController.m */ = {isa = PBXFileReference; fileEncoding = 4; lastKnownFileType = sourcecode.c.objc; path = JSTBlowViewController.m; sourceTree = "<group>"; };
		364BEA64787B32970A3C4409 /* JSTDetailsHeaderView.m */ = {isa = PBXFileReference; fileEncoding = 4; lastKnownFileType = sourcecode.c.objc; path = JSTDetailsHeaderView.m; sourceTree = "<group>"; };
		364BEB01CE37364DB529A71C /* mce_st_icons.ttf */ = {isa = PBXFileReference; lastKnownFileType = file.ttf; path = mce_st_icons.ttf; sourceTree = "<group>"; };
		364BEB695AEA73CC3363543A /* JSTPressureView.h */ = {isa = PBXFileReference; fileEncoding = 4; lastKnownFileType = sourcecode.c.h; path = JSTPressureView.h; sourceTree = "<group>"; };
		364BEBD3306D360251C9C552 /* JSTHandshakeViewController.h */ = {isa = PBXFileReference; fileEncoding = 4; lastKnownFileType = sourcecode.c.h; path = JSTHandshakeViewController.h; sourceTree = "<group>"; };
		364BEBF99B326B2CC31B253D /* JSTBlowViewController.h */ = {isa = PBXFileReference; fileEncoding = 4; lastKnownFileType = sourcecode.c.h; path = JSTBlowViewController.h; sourceTree = "<group>"; };
		364BED82824039320024CD9E /* JSTWandViewController.h */ = {isa = PBXFileReference; fileEncoding = 4; lastKnownFileType = sourcecode.c.h; path = JSTWandViewController.h; sourceTree = "<group>"; };
		364BEDC013F15EF30F4A7C13 /* JSTPressureViewController.m */ = {isa = PBXFileReference; fileEncoding = 4; lastKnownFileType = sourcecode.c.objc; path = JSTPressureViewController.m; sourceTree = "<group>"; };
		364BEDD67A5813E9FE4228D1 /* JSTBlowView.h */ = {isa = PBXFileReference; fileEncoding = 4; lastKnownFileType = sourcecode.c.h; path = JSTBlowView.h; sourceTree = "<group>"; };
		364BEE5FE71857CE961E6E82 /* JSTPressureView.m */ = {isa = PBXFileReference; fileEncoding = 4; lastKnownFileType = sourcecode.c.objc; path = JSTPressureView.m; sourceTree = "<group>"; };
		364BEE9F091E23C0CF50A3FB /* JSTWandViewController.m */ = {isa = PBXFileReference; fileEncoding = 4; lastKnownFileType = sourcecode.c.objc; path = JSTWandViewController.m; sourceTree = "<group>"; };
		364BEEED4B58374DB306586D /* JSTHandshakeView.m */ = {isa = PBXFileReference; fileEncoding = 4; lastKnownFileType = sourcecode.c.objc; path = JSTHandshakeView.m; sourceTree = "<group>"; };
		38653011F511A0D923A30667 /* JSTSafe.h */ = {isa = PBXFileReference; fileEncoding = 4; lastKnownFileType = sourcecode.c.h; path = JSTSafe.h; sourceTree = "<group>"; };
		3865305208B42852B5E93765 /* JSTBaseSensor.h */ = {isa = PBXFileReference; fileEncoding = 4; lastKnownFileType = sourcecode.c.h; path = JSTBaseSensor.h; sourceTree = "<group>"; };
		3865308B5F59543B5BBF159F /* JSTPressureSensor.m */ = {isa = PBXFileReference; fileEncoding = 4; lastKnownFileType = sourcecode.c.objc; path = JSTPressureSensor.m; sourceTree = "<group>"; };
		38653109FC3CBD42EA33EB59 /* JSTClicker.m */ = {isa = PBXFileReference; fileEncoding = 4; lastKnownFileType = sourcecode.c.objc; path = JSTClicker.m; sourceTree = "<group>"; };
		38653126FEED55E381FE3836 /* JSTMorseView.h */ = {isa = PBXFileReference; fileEncoding = 4; lastKnownFileType = sourcecode.c.h; path = JSTMorseView.h; sourceTree = "<group>"; };
		38653131C099C07F4F99AC0F /* JSTSafeCombinationValue.h */ = {isa = PBXFileReference; fileEncoding = 4; lastKnownFileType = sourcecode.c.h; path = JSTSafeCombinationValue.h; sourceTree = "<group>"; };
		3865314BC16F584CA5C032C2 /* JSTSafe.m */ = {isa = PBXFileReference; fileEncoding = 4; lastKnownFileType = sourcecode.c.objc; path = JSTSafe.m; sourceTree = "<group>"; };
		38653207DEB2AAFDFECF6D1F /* JSTCadenceView.h */ = {isa = PBXFileReference; fileEncoding = 4; lastKnownFileType = sourcecode.c.h; path = JSTCadenceView.h; sourceTree = "<group>"; };
		386532CA90AF2C1D6928E174 /* JSTMorseDetector.m */ = {isa = PBXFileReference; fileEncoding = 4; lastKnownFileType = sourcecode.c.objc; path = JSTMorseDetector.m; sourceTree = "<group>"; };
		386532DFDAC113E37EA8C5A4 /* JitterTISensorTag-Prefix.pch */ = {isa = PBXFileReference; fileEncoding = 4; lastKnownFileType = sourcecode.c.h; path = "JitterTISensorTag-Prefix.pch"; sourceTree = "<group>"; };
		386532E4436ABB0AD3A01847 /* JSTDice.m */ = {isa = PBXFileReference; fileEncoding = 4; lastKnownFileType = sourcecode.c.objc; path = JSTDice.m; sourceTree = "<group>"; };
		386532F52394F9668DC1061A /* JSTHumiditySensor.h */ = {isa = PBXFileReference; fileEncoding = 4; lastKnownFileType = sourcecode.c.h; path = JSTHumiditySensor.h; sourceTree = "<group>"; };
		3865332E285F74BB57BA1729 /* JSTSafeView.m */ = {isa = PBXFileReference; fileEncoding = 4; lastKnownFileType = sourcecode.c.objc; path = JSTSafeView.m; sourceTree = "<group>"; };
		3865332EEC70EEA060D358E8 /* JSTClicker.h */ = {isa = PBXFileReference; fileEncoding = 4; lastKnownFileType = sourcecode.c.h; path = JSTClicker.h; sourceTree = "<group>"; };
		3865334A5152EA2ED32913FB /* JSTDiceView.m */ = {isa = PBXFileReference; fileEncoding = 4; lastKnownFileType = sourcecode.c.objc; path = JSTDiceView.m; sourceTree = "<group>"; };
		3865338C580E537D80960DCF /* JSTSafeCombinationValue.m */ = {isa = PBXFileReference; fileEncoding = 4; lastKnownFileType = sourcecode.c.objc; path = JSTSafeCombinationValue.m; sourceTree = "<group>"; };
		3865339B60D8566D86474AF1 /* JSTPressureSensor.h */ = {isa = PBXFileReference; fileEncoding = 4; lastKnownFileType = sourcecode.c.h; path = JSTPressureSensor.h; sourceTree = "<group>"; };
		386533D8243B4FFABFB78418 /* JSTMorseDetector.h */ = {isa = PBXFileReference; fileEncoding = 4; lastKnownFileType = sourcecode.c.h; path = JSTMorseDetector.h; sourceTree = "<group>"; };
		386534056F7FC605196B6719 /* JSTSafeViewController.h */ = {isa = PBXFileReference; fileEncoding = 4; lastKnownFileType = sourcecode.c.h; path = JSTSafeViewController.h; sourceTree = "<group>"; };
		3865341C0F64DF13A8184181 /* JSTSafeView.h */ = {isa = PBXFileReference; fileEncoding = 4; lastKnownFileType = sourcecode.c.h; path = JSTSafeView.h; sourceTree = "<group>"; };
		386534282B40AB788CE265EF /* JSTMorseView.m */ = {isa = PBXFileReference; fileEncoding = 4; lastKnownFileType = sourcecode.c.objc; path = JSTMorseView.m; sourceTree = "<group>"; };
		3865347D114AD66F1E077E32 /* JSTKeysSensor.m */ = {isa = PBXFileReference; fileEncoding = 4; lastKnownFileType = sourcecode.c.objc; path = JSTKeysSensor.m; sourceTree = "<group>"; };
		3865351E938502183C28E12A /* JSTMagnetometerSensor.h */ = {isa = PBXFileReference; fileEncoding = 4; lastKnownFileType = sourcecode.c.h; path = JSTMagnetometerSensor.h; sourceTree = "<group>"; };
		3865352A3013414A0ED78616 /* JSTSensorConstants.m */ = {isa = PBXFileReference; fileEncoding = 4; lastKnownFileType = sourcecode.c.objc; path = JSTSensorConstants.m; sourceTree = "<group>"; };
		386535472A68C29A49838C0A /* JSTGyroscopeSensor.h */ = {isa = PBXFileReference; fileEncoding = 4; lastKnownFileType = sourcecode.c.h; path = JSTGyroscopeSensor.h; sourceTree = "<group>"; };
		3865357A7AE28FEC7611DE0C /* JSTSensorTag.m */ = {isa = PBXFileReference; fileEncoding = 4; lastKnownFileType = sourcecode.c.objc; path = JSTSensorTag.m; sourceTree = "<group>"; };
		386535E0AE7BC97EC4FAE3DB /* JSTIRSensor.h */ = {isa = PBXFileReference; fileEncoding = 4; lastKnownFileType = sourcecode.c.h; path = JSTIRSensor.h; sourceTree = "<group>"; };
		386535F9FF59C795BB450426 /* JSTSensorManager.h */ = {isa = PBXFileReference; fileEncoding = 4; lastKnownFileType = sourcecode.c.h; path = JSTSensorManager.h; sourceTree = "<group>"; };
		386536575994D5002A8330E1 /* JSTCadenceView.m */ = {isa = PBXFileReference; fileEncoding = 4; lastKnownFileType = sourcecode.c.objc; path = JSTCadenceView.m; sourceTree = "<group>"; };
		3865366424F4B2E2668A64BA /* JSTCadenceViewController.h */ = {isa = PBXFileReference; fileEncoding = 4; lastKnownFileType = sourcecode.c.h; path = JSTCadenceViewController.h; sourceTree = "<group>"; };
		3865367B8F0442F2BBD4D029 /* JSTDiceView.h */ = {isa = PBXFileReference; fileEncoding = 4; lastKnownFileType = sourcecode.c.h; path = JSTDiceView.h; sourceTree = "<group>"; };
		3865369640DC396844EDFD0D /* JSTClickerView.h */ = {isa = PBXFileReference; fileEncoding = 4; lastKnownFileType = sourcecode.c.h; path = JSTClickerView.h; sourceTree = "<group>"; };
		386537046D2C4C924EEC0026 /* CBUUID+StringRepresentation.m */ = {isa = PBXFileReference; fileEncoding = 4; lastKnownFileType = sourcecode.c.objc; path = "CBUUID+StringRepresentation.m"; sourceTree = "<group>"; };
		38653720FB4DEEF922C8A85B /* JSTClickerViewController.m */ = {isa = PBXFileReference; fileEncoding = 4; lastKnownFileType = sourcecode.c.objc; path = JSTClickerViewController.m; sourceTree = "<group>"; };
		38653749FD252C97D816D991 /* JSTMorseViewController.h */ = {isa = PBXFileReference; fileEncoding = 4; lastKnownFileType = sourcecode.c.h; path = JSTMorseViewController.h; sourceTree = "<group>"; };
		386537669231FF0A3D6C2D64 /* JSTIRSensor.m */ = {isa = PBXFileReference; fileEncoding = 4; lastKnownFileType = sourcecode.c.objc; path = JSTIRSensor.m; sourceTree = "<group>"; };
		38653879E284CFE79250AE47 /* JSTAccelerometerSensor.h */ = {isa = PBXFileReference; fileEncoding = 4; lastKnownFileType = sourcecode.c.h; path = JSTAccelerometerSensor.h; sourceTree = "<group>"; };
		3865389BF461D4DEA955AFC3 /* JSTDiceViewController.m */ = {isa = PBXFileReference; fileEncoding = 4; lastKnownFileType = sourcecode.c.objc; path = JSTDiceViewController.m; sourceTree = "<group>"; };
		3865389F9D3C9061AF451D97 /* JSTDiceViewController.h */ = {isa = PBXFileReference; fileEncoding = 4; lastKnownFileType = sourcecode.c.h; path = JSTDiceViewController.h; sourceTree = "<group>"; };
		386538CE5D69BC05727E2797 /* JSTSafeViewController.m */ = {isa = PBXFileReference; fileEncoding = 4; lastKnownFileType = sourcecode.c.objc; path = JSTSafeViewController.m; sourceTree = "<group>"; };
		386539514F153E7C5A3BD049 /* CBUUID+StringRepresentation.h */ = {isa = PBXFileReference; fileEncoding = 4; lastKnownFileType = sourcecode.c.h; path = "CBUUID+StringRepresentation.h"; sourceTree = "<group>"; };
		386539A070FBD21D292E1E21 /* JSTGyroscopeSensor.m */ = {isa = PBXFileReference; fileEncoding = 4; lastKnownFileType = sourcecode.c.objc; path = JSTGyroscopeSensor.m; sourceTree = "<group>"; };
		386539A57EEB43A02AA6681D /* JSTBaseSensor.m */ = {isa = PBXFileReference; fileEncoding = 4; lastKnownFileType = sourcecode.c.objc; path = JSTBaseSensor.m; sourceTree = "<group>"; };
		38653A5DE98156EA426C69C1 /* JSTSensorConstants.h */ = {isa = PBXFileReference; fileEncoding = 4; lastKnownFileType = sourcecode.c.h; path = JSTSensorConstants.h; sourceTree = "<group>"; };
		38653AB8B07F3A5CC4590836 /* JSTCadenceViewController.m */ = {isa = PBXFileReference; fileEncoding = 4; lastKnownFileType = sourcecode.c.objc; path = JSTCadenceViewController.m; sourceTree = "<group>"; };
		38653B1E939555F6F37BE245 /* JSTSensorManager.m */ = {isa = PBXFileReference; fileEncoding = 4; lastKnownFileType = sourcecode.c.objc; path = JSTSensorManager.m; sourceTree = "<group>"; };
		38653BB4782E159E032642C6 /* JSTMorseViewController.m */ = {isa = PBXFileReference; fileEncoding = 4; lastKnownFileType = sourcecode.c.objc; path = JSTMorseViewController.m; sourceTree = "<group>"; };
		38653C7FD4D1A9A89B339FBA /* JSTHumiditySensor.m */ = {isa = PBXFileReference; fileEncoding = 4; lastKnownFileType = sourcecode.c.objc; path = JSTHumiditySensor.m; sourceTree = "<group>"; };
		38653CE9A09239C919DAD187 /* JSTMagnetometerSensor.m */ = {isa = PBXFileReference; fileEncoding = 4; lastKnownFileType = sourcecode.c.objc; path = JSTMagnetometerSensor.m; sourceTree = "<group>"; };
		38653D3DF6B19A90D26EDA54 /* JSTSensorTag.h */ = {isa = PBXFileReference; fileEncoding = 4; lastKnownFileType = sourcecode.c.h; path = JSTSensorTag.h; sourceTree = "<group>"; };
		38653D6B0A2A59C7B3035D5F /* JSTClickerViewController.h */ = {isa = PBXFileReference; fileEncoding = 4; lastKnownFileType = sourcecode.c.h; path = JSTClickerViewController.h; sourceTree = "<group>"; };
		38653DA08CC9DF525153C353 /* JSTClickerView.m */ = {isa = PBXFileReference; fileEncoding = 4; lastKnownFileType = sourcecode.c.objc; path = JSTClickerView.m; sourceTree = "<group>"; };
		38653E583E0ECE97E53F0F10 /* JSTRootView.h */ = {isa = PBXFileReference; fileEncoding = 4; lastKnownFileType = sourcecode.c.h; path = JSTRootView.h; sourceTree = "<group>"; };
		38653EA17B3A59525108BC6C /* JSTAccelerometerSensor.m */ = {isa = PBXFileReference; fileEncoding = 4; lastKnownFileType = sourcecode.c.objc; path = JSTAccelerometerSensor.m; sourceTree = "<group>"; };
		38653F66B0778CDAAD0844B4 /* JSTKeysSensor.h */ = {isa = PBXFileReference; fileEncoding = 4; lastKnownFileType = sourcecode.c.h; path = JSTKeysSensor.h; sourceTree = "<group>"; };
		38653F8B56D4EA4BCBF0FFDB /* JSTRootView.m */ = {isa = PBXFileReference; fileEncoding = 4; lastKnownFileType = sourcecode.c.objc; path = JSTRootView.m; sourceTree = "<group>"; };
		38653F94F247463C99445816 /* JSTDice.h */ = {isa = PBXFileReference; fileEncoding = 4; lastKnownFileType = sourcecode.c.h; path = JSTDice.h; sourceTree = "<group>"; };
		67A1A83A1A7FE24A00D0C092 /* Accounts.framework */ = {isa = PBXFileReference; lastKnownFileType = wrapper.framework; name = Accounts.framework; path = System/Library/Frameworks/Accounts.framework; sourceTree = SDKROOT; };
		67BDBC671A4EE1B7000AF79C /* CoreBluetooth.framework */ = {isa = PBXFileReference; lastKnownFileType = wrapper.framework; name = CoreBluetooth.framework; path = System/Library/Frameworks/CoreBluetooth.framework; sourceTree = SDKROOT; };
		78CEF60169CCCE839EF3BA72 /* Pods.debug.xcconfig */ = {isa = PBXFileReference; includeInIndex = 1; lastKnownFileType = text.xcconfig; name = Pods.debug.xcconfig; path = "Pods/Target Support Files/Pods/Pods.debug.xcconfig"; sourceTree = "<group>"; };
		7D5BEF8888945879B4E185CD /* Pods.release.xcconfig */ = {isa = PBXFileReference; includeInIndex = 1; lastKnownFileType = text.xcconfig; name = Pods.release.xcconfig; path = "Pods/Target Support Files/Pods/Pods.release.xcconfig"; sourceTree = "<group>"; };
/* End PBXFileReference section */

/* Begin PBXFrameworksBuildPhase section */
		155655B91A4855F90041AE4F /* Frameworks */ = {
			isa = PBXFrameworksBuildPhase;
			buildActionMask = 2147483647;
			files = (
				67A1A83B1A7FE24A00D0C092 /* Accounts.framework in Frameworks */,
				67BDBC681A4EE1B7000AF79C /* CoreBluetooth.framework in Frameworks */,
				EF3164A947D847E821A1C3E4 /* libPods.a in Frameworks */,
			);
			runOnlyForDeploymentPostprocessing = 0;
		};
		155655D51A4855FA0041AE4F /* Frameworks */ = {
			isa = PBXFrameworksBuildPhase;
			buildActionMask = 2147483647;
			files = (
			);
			runOnlyForDeploymentPostprocessing = 0;
		};
/* End PBXFrameworksBuildPhase section */

/* Begin PBXGroup section */
		155655B31A4855F90041AE4F = {
			isa = PBXGroup;
			children = (
				155655EA1A4857280041AE4F /* Default-568h@2x.png */,
				155655BE1A4855F90041AE4F /* JitterTISensorTag */,
				155655DB1A4855FA0041AE4F /* JitterTISensorTagTests */,
				155655BD1A4855F90041AE4F /* Products */,
				490531F82321D5259DA9EC9C /* Pods */,
				57C63614F9254CC1034E98FC /* Frameworks */,
			);
			sourceTree = "<group>";
		};
		155655BD1A4855F90041AE4F /* Products */ = {
			isa = PBXGroup;
			children = (
				155655BC1A4855F90041AE4F /* JitterTISensorTag.app */,
				155655D81A4855FA0041AE4F /* JitterTISensorTagTests.xctest */,
			);
			name = Products;
			sourceTree = "<group>";
		};
		155655BE1A4855F90041AE4F /* JitterTISensorTag */ = {
			isa = PBXGroup;
			children = (
				155655C31A4855F90041AE4F /* JSTAppDelegate.h */,
				155655C41A4855F90041AE4F /* JSTAppDelegate.m */,
				155655CF1A4855FA0041AE4F /* Images.xcassets */,
				155655C61A4855F90041AE4F /* JitterTISensorTag.xcdatamodeld */,
				155655BF1A4855F90041AE4F /* Supporting Files */,
				38653499D4BA027A9809C100 /* Device */,
				364BE0D621B564105340FD7E /* UI */,
				364BE903A7900469E6279D60 /* Resources */,
			);
			path = JitterTISensorTag;
			sourceTree = "<group>";
		};
		155655BF1A4855F90041AE4F /* Supporting Files */ = {
			isa = PBXGroup;
			children = (
				155655C01A4855F90041AE4F /* Info.plist */,
				155655C11A4855F90041AE4F /* main.m */,
				386532DFDAC113E37EA8C5A4 /* JitterTISensorTag-Prefix.pch */,
			);
			name = "Supporting Files";
			sourceTree = "<group>";
		};
		155655DB1A4855FA0041AE4F /* JitterTISensorTagTests */ = {
			isa = PBXGroup;
			children = (
				155655DE1A4855FA0041AE4F /* JitterTISensorTagTests.m */,
				155655DC1A4855FA0041AE4F /* Supporting Files */,
			);
			path = JitterTISensorTagTests;
			sourceTree = "<group>";
		};
		155655DC1A4855FA0041AE4F /* Supporting Files */ = {
			isa = PBXGroup;
			children = (
				155655DD1A4855FA0041AE4F /* Info.plist */,
			);
			name = "Supporting Files";
			sourceTree = "<group>";
		};
		364BE0D621B564105340FD7E /* UI */ = {
			isa = PBXGroup;
			children = (
				364BE0B83FCE54864BD06DF0 /* JSTRootViewController.h */,
				364BE52908B3E5E6E638098E /* JSTRootViewController.m */,
				364BECFC0D822D94CA56AEE9 /* Wand */,
				38653CD768BE54A88C8FC7F1 /* Cadence */,
				38653E583E0ECE97E53F0F10 /* JSTRootView.h */,
				38653F8B56D4EA4BCBF0FFDB /* JSTRootView.m */,
				386531648A947B8D9168F5C6 /* Safe */,
				364BEF81B961B90400EA7FA6 /* Handshake */,
				3865337421CBE7E5861C3F32 /* Morse */,
				38653518E4C79F64C87BDF01 /* Dice */,
				364BE5D835DF544D251BBACA /* Blow */,
				364BE71B13FC22281BBF14D8 /* Pressure */,
				3865304947DD8FC69B4BA016 /* Clicker */,
				364BE556509A4BC93A9DAA5F /* JSTRootViewCell.m */,
				364BE3C6FD2A60A6FBE5779A /* JSTRootViewCell.h */,
				364BEF356313B6B80ADD12D5 /* Utils */,
				364BEA64787B32970A3C4409 /* JSTDetailsHeaderView.m */,
				364BE3279ED9035C7402C15B /* JSTDetailsHeaderView.h */,
			);
			path = UI;
			sourceTree = "<group>";
		};
		364BE5D835DF544D251BBACA /* Blow */ = {
			isa = PBXGroup;
			children = (
				364BE930A0451EFA117F4F4A /* JSTBlowViewController.m */,
				364BEBF99B326B2CC31B253D /* JSTBlowViewController.h */,
				364BE8F46393D86B2568088E /* JSTBlowView.m */,
				364BEDD67A5813E9FE4228D1 /* JSTBlowView.h */,
			);
			path = Blow;
			sourceTree = "<group>";
		};
		364BE71B13FC22281BBF14D8 /* Pressure */ = {
			isa = PBXGroup;
			children = (
				364BEDC013F15EF30F4A7C13 /* JSTPressureViewController.m */,
				364BE66E70E3D6038BF1717D /* JSTPressureViewController.h */,
				364BEE5FE71857CE961E6E82 /* JSTPressureView.m */,
				364BEB695AEA73CC3363543A /* JSTPressureView.h */,
			);
			path = Pressure;
			sourceTree = "<group>";
		};
		364BE903A7900469E6279D60 /* Resources */ = {
			isa = PBXGroup;
			children = (
				364BEB01CE37364DB529A71C /* mce_st_icons.ttf */,
			);
			path = Resources;
			sourceTree = "<group>";
		};
		364BECFC0D822D94CA56AEE9 /* Wand */ = {
			isa = PBXGroup;
			children = (
				364BEE9F091E23C0CF50A3FB /* JSTWandViewController.m */,
				364BED82824039320024CD9E /* JSTWandViewController.h */,
				364BE4DA2F0ECB6E3B33B5E0 /* JSTWandView.m */,
				364BE20A5FB6FCE0CE5C3C30 /* JSTWandView.h */,
			);
			path = Wand;
			sourceTree = "<group>";
		};
		364BEF356313B6B80ADD12D5 /* Utils */ = {
			isa = PBXGroup;
			children = (
				364BE804B85008006D58DC4B /* UIColor+JSTExtensions.m */,
				364BE7EAB0DE296131D3328D /* UIColor+JSTExtensions.h */,
			);
			path = Utils;
			sourceTree = "<group>";
		};
		364BEF81B961B90400EA7FA6 /* Handshake */ = {
			isa = PBXGroup;
			children = (
				364BEEED4B58374DB306586D /* JSTHandshakeView.m */,
				364BE8B37A16AC27E0B56B40 /* JSTHandshakeView.h */,
				364BE8886FF1DBB0A0353739 /* JSTHandshakeViewController.m */,
				364BEBD3306D360251C9C552 /* JSTHandshakeViewController.h */,
			);
			path = Handshake;
			sourceTree = "<group>";
		};
		3865304947DD8FC69B4BA016 /* Clicker */ = {
			isa = PBXGroup;
			children = (
				3865332EEC70EEA060D358E8 /* JSTClicker.h */,
				38653109FC3CBD42EA33EB59 /* JSTClicker.m */,
				3865369640DC396844EDFD0D /* JSTClickerView.h */,
				38653DA08CC9DF525153C353 /* JSTClickerView.m */,
				38653D6B0A2A59C7B3035D5F /* JSTClickerViewController.h */,
				38653720FB4DEEF922C8A85B /* JSTClickerViewController.m */,
			);
			path = Clicker;
			sourceTree = "<group>";
		};
		386531648A947B8D9168F5C6 /* Safe */ = {
			isa = PBXGroup;
			children = (
				386538CE5D69BC05727E2797 /* JSTSafeViewController.m */,
				386534056F7FC605196B6719 /* JSTSafeViewController.h */,
				3865332E285F74BB57BA1729 /* JSTSafeView.m */,
				3865341C0F64DF13A8184181 /* JSTSafeView.h */,
				3865314BC16F584CA5C032C2 /* JSTSafe.m */,
				38653011F511A0D923A30667 /* JSTSafe.h */,
				3865338C580E537D80960DCF /* JSTSafeCombinationValue.m */,
				38653131C099C07F4F99AC0F /* JSTSafeCombinationValue.h */,
			);
			path = Safe;
			sourceTree = "<group>";
		};
		3865337421CBE7E5861C3F32 /* Morse */ = {
			isa = PBXGroup;
			children = (
				38653BB4782E159E032642C6 /* JSTMorseViewController.m */,
				38653749FD252C97D816D991 /* JSTMorseViewController.h */,
				386534282B40AB788CE265EF /* JSTMorseView.m */,
				38653126FEED55E381FE3836 /* JSTMorseView.h */,
				386532CA90AF2C1D6928E174 /* JSTMorseDetector.m */,
				386533D8243B4FFABFB78418 /* JSTMorseDetector.h */,
			);
			path = Morse;
			sourceTree = "<group>";
		};
		38653499D4BA027A9809C100 /* Device */ = {
			isa = PBXGroup;
			children = (
				38653B1E939555F6F37BE245 /* JSTSensorManager.m */,
				386535F9FF59C795BB450426 /* JSTSensorManager.h */,
				3865357A7AE28FEC7611DE0C /* JSTSensorTag.m */,
				38653D3DF6B19A90D26EDA54 /* JSTSensorTag.h */,
				38653A5DE98156EA426C69C1 /* JSTSensorConstants.h */,
				3865352A3013414A0ED78616 /* JSTSensorConstants.m */,
				386537046D2C4C924EEC0026 /* CBUUID+StringRepresentation.m */,
				386539514F153E7C5A3BD049 /* CBUUID+StringRepresentation.h */,
				38653E1AE618B77F7499C030 /* Sensors */,
			);
			path = Device;
			sourceTree = "<group>";
		};
		38653518E4C79F64C87BDF01 /* Dice */ = {
			isa = PBXGroup;
			children = (
				3865389BF461D4DEA955AFC3 /* JSTDiceViewController.m */,
				3865389F9D3C9061AF451D97 /* JSTDiceViewController.h */,
				3865334A5152EA2ED32913FB /* JSTDiceView.m */,
				3865367B8F0442F2BBD4D029 /* JSTDiceView.h */,
				386532E4436ABB0AD3A01847 /* JSTDice.m */,
				38653F94F247463C99445816 /* JSTDice.h */,
			);
			path = Dice;
			sourceTree = "<group>";
		};
		38653CD768BE54A88C8FC7F1 /* Cadence */ = {
			isa = PBXGroup;
			children = (
				38653207DEB2AAFDFECF6D1F /* JSTCadenceView.h */,
				386536575994D5002A8330E1 /* JSTCadenceView.m */,
				3865366424F4B2E2668A64BA /* JSTCadenceViewController.h */,
				38653AB8B07F3A5CC4590836 /* JSTCadenceViewController.m */,
			);
			path = Cadence;
			sourceTree = "<group>";
		};
		38653E1AE618B77F7499C030 /* Sensors */ = {
			isa = PBXGroup;
			children = (
				386539A57EEB43A02AA6681D /* JSTBaseSensor.m */,
				3865305208B42852B5E93765 /* JSTBaseSensor.h */,
				386537669231FF0A3D6C2D64 /* JSTIRSensor.m */,
				386535E0AE7BC97EC4FAE3DB /* JSTIRSensor.h */,
				38653C7FD4D1A9A89B339FBA /* JSTHumiditySensor.m */,
				386532F52394F9668DC1061A /* JSTHumiditySensor.h */,
				38653CE9A09239C919DAD187 /* JSTMagnetometerSensor.m */,
				3865351E938502183C28E12A /* JSTMagnetometerSensor.h */,
				38653EA17B3A59525108BC6C /* JSTAccelerometerSensor.m */,
				38653879E284CFE79250AE47 /* JSTAccelerometerSensor.h */,
				386539A070FBD21D292E1E21 /* JSTGyroscopeSensor.m */,
				386535472A68C29A49838C0A /* JSTGyroscopeSensor.h */,
				3865308B5F59543B5BBF159F /* JSTPressureSensor.m */,
				3865339B60D8566D86474AF1 /* JSTPressureSensor.h */,
				3865347D114AD66F1E077E32 /* JSTKeysSensor.m */,
				38653F66B0778CDAAD0844B4 /* JSTKeysSensor.h */,
			);
			path = Sensors;
			sourceTree = "<group>";
		};
		490531F82321D5259DA9EC9C /* Pods */ = {
			isa = PBXGroup;
			children = (
				78CEF60169CCCE839EF3BA72 /* Pods.debug.xcconfig */,
				7D5BEF8888945879B4E185CD /* Pods.release.xcconfig */,
			);
			name = Pods;
			sourceTree = "<group>";
		};
		57C63614F9254CC1034E98FC /* Frameworks */ = {
			isa = PBXGroup;
			children = (
				67A1A83A1A7FE24A00D0C092 /* Accounts.framework */,
				67BDBC671A4EE1B7000AF79C /* CoreBluetooth.framework */,
				1481FE7D94BCC8BB2B7285B7 /* libPods.a */,
			);
			name = Frameworks;
			sourceTree = "<group>";
		};
/* End PBXGroup section */

/* Begin PBXNativeTarget section */
		155655BB1A4855F90041AE4F /* JitterTISensorTag */ = {
			isa = PBXNativeTarget;
			buildConfigurationList = 155655E21A4855FA0041AE4F /* Build configuration list for PBXNativeTarget "JitterTISensorTag" */;
			buildPhases = (
				4AD8EF72EF428D20AD68B425 /* Check Pods Manifest.lock */,
				155655B81A4855F90041AE4F /* Sources */,
				155655B91A4855F90041AE4F /* Frameworks */,
				155655BA1A4855F90041AE4F /* Resources */,
				00D06073BF4D3DE937DD1B98 /* Copy Pods Resources */,
			);
			buildRules = (
			);
			dependencies = (
			);
			name = JitterTISensorTag;
			productName = JitterTISensorTag;
			productReference = 155655BC1A4855F90041AE4F /* JitterTISensorTag.app */;
			productType = "com.apple.product-type.application";
		};
		155655D71A4855FA0041AE4F /* JitterTISensorTagTests */ = {
			isa = PBXNativeTarget;
			buildConfigurationList = 155655E51A4855FA0041AE4F /* Build configuration list for PBXNativeTarget "JitterTISensorTagTests" */;
			buildPhases = (
				155655D41A4855FA0041AE4F /* Sources */,
				155655D51A4855FA0041AE4F /* Frameworks */,
				155655D61A4855FA0041AE4F /* Resources */,
			);
			buildRules = (
			);
			dependencies = (
				155655DA1A4855FA0041AE4F /* PBXTargetDependency */,
			);
			name = JitterTISensorTagTests;
			productName = JitterTISensorTagTests;
			productReference = 155655D81A4855FA0041AE4F /* JitterTISensorTagTests.xctest */;
			productType = "com.apple.product-type.bundle.unit-test";
		};
/* End PBXNativeTarget section */

/* Begin PBXProject section */
		155655B41A4855F90041AE4F /* Project object */ = {
			isa = PBXProject;
			attributes = {
				LastUpgradeCheck = 0610;
				ORGANIZATIONNAME = mceconf.com;
				TargetAttributes = {
					155655BB1A4855F90041AE4F = {
						CreatedOnToolsVersion = 6.1.1;
						DevelopmentTeam = WR35VQMY5K;
					};
					155655D71A4855FA0041AE4F = {
						CreatedOnToolsVersion = 6.1.1;
						TestTargetID = 155655BB1A4855F90041AE4F;
					};
				};
			};
			buildConfigurationList = 155655B71A4855F90041AE4F /* Build configuration list for PBXProject "JitterTISensorTag" */;
			compatibilityVersion = "Xcode 3.2";
			developmentRegion = English;
			hasScannedForEncodings = 0;
			knownRegions = (
				en,
				Base,
			);
			mainGroup = 155655B31A4855F90041AE4F;
			productRefGroup = 155655BD1A4855F90041AE4F /* Products */;
			projectDirPath = "";
			projectRoot = "";
			targets = (
				155655BB1A4855F90041AE4F /* JitterTISensorTag */,
				155655D71A4855FA0041AE4F /* JitterTISensorTagTests */,
			);
		};
/* End PBXProject section */

/* Begin PBXResourcesBuildPhase section */
		155655BA1A4855F90041AE4F /* Resources */ = {
			isa = PBXResourcesBuildPhase;
			buildActionMask = 2147483647;
			files = (
				155655D01A4855FA0041AE4F /* Images.xcassets in Resources */,
				155655EB1A4857280041AE4F /* Default-568h@2x.png in Resources */,
				364BEF7A83A7EEC0441EA534 /* mce_st_icons.ttf in Resources */,
			);
			runOnlyForDeploymentPostprocessing = 0;
		};
		155655D61A4855FA0041AE4F /* Resources */ = {
			isa = PBXResourcesBuildPhase;
			buildActionMask = 2147483647;
			files = (
			);
			runOnlyForDeploymentPostprocessing = 0;
		};
/* End PBXResourcesBuildPhase section */

/* Begin PBXShellScriptBuildPhase section */
		00D06073BF4D3DE937DD1B98 /* Copy Pods Resources */ = {
			isa = PBXShellScriptBuildPhase;
			buildActionMask = 2147483647;
			files = (
			);
			inputPaths = (
			);
			name = "Copy Pods Resources";
			outputPaths = (
			);
			runOnlyForDeploymentPostprocessing = 0;
			shellPath = /bin/sh;
			shellScript = "\"${SRCROOT}/Pods/Target Support Files/Pods/Pods-resources.sh\"\n";
			showEnvVarsInLog = 0;
		};
		4AD8EF72EF428D20AD68B425 /* Check Pods Manifest.lock */ = {
			isa = PBXShellScriptBuildPhase;
			buildActionMask = 2147483647;
			files = (
			);
			inputPaths = (
			);
			name = "Check Pods Manifest.lock";
			outputPaths = (
			);
			runOnlyForDeploymentPostprocessing = 0;
			shellPath = /bin/sh;
			shellScript = "diff \"${PODS_ROOT}/../Podfile.lock\" \"${PODS_ROOT}/Manifest.lock\" > /dev/null\nif [[ $? != 0 ]] ; then\n    cat << EOM\nerror: The sandbox is not in sync with the Podfile.lock. Run 'pod install' or update your CocoaPods installation.\nEOM\n    exit 1\nfi\n";
			showEnvVarsInLog = 0;
		};
/* End PBXShellScriptBuildPhase section */

/* Begin PBXSourcesBuildPhase section */
		155655B81A4855F90041AE4F /* Sources */ = {
			isa = PBXSourcesBuildPhase;
			buildActionMask = 2147483647;
			files = (
				155655C51A4855F90041AE4F /* JSTAppDelegate.m in Sources */,
				155655C81A4855F90041AE4F /* JitterTISensorTag.xcdatamodeld in Sources */,
				155655C21A4855F90041AE4F /* main.m in Sources */,
				38653F88434FEF10EDBF6D23 /* JSTSensorManager.m in Sources */,
				386536F43E08D1BBF7F13395 /* JSTSensorTag.m in Sources */,
				38653A07364FB9C45CC0906C /* JSTSensorConstants.m in Sources */,
				38653DDD343714937308BF0C /* CBUUID+StringRepresentation.m in Sources */,
				38653448054449F665EB9404 /* JSTBaseSensor.m in Sources */,
				386537BB0D9CA077027C3C13 /* JSTIRSensor.m in Sources */,
				38653B71DA077FC9C4896461 /* JSTHumiditySensor.m in Sources */,
				38653EB9ADED557CF4579587 /* JSTMagnetometerSensor.m in Sources */,
				38653BD155B305DB0C53EBA5 /* JSTAccelerometerSensor.m in Sources */,
				38653C4B72CC4AA3680C3BE5 /* JSTGyroscopeSensor.m in Sources */,
				386538D2E3A4650277A553E2 /* JSTPressureSensor.m in Sources */,
				386537B52CF6C10ACF11359E /* JSTKeysSensor.m in Sources */,
				364BEBE463E1ACC9EF663D7C /* JSTRootViewController.m in Sources */,
				364BEBD72C480CA15EFDA362 /* JSTWandViewController.m in Sources */,
				364BEA5E25D9E57308ACED8E /* JSTWandView.m in Sources */,
				386536CFEAED484BF6BBB134 /* JSTCadenceView.m in Sources */,
				386534BFD4BC7255B555715F /* JSTCadenceViewController.m in Sources */,
				3865371045199DF9975570ED /* JSTRootView.m in Sources */,
				386536B3DF8129C6A50941B1 /* JSTSafeViewController.m in Sources */,
				38653E60BBCAED2440081DE1 /* JSTSafeView.m in Sources */,
				38653C0DDCF1B568E4A3924F /* JSTSafe.m in Sources */,
				3865317CE8BEB005C66541FC /* JSTSafeCombinationValue.m in Sources */,
				364BEE3E9F3F5AF001071AEC /* JSTHandshakeView.m in Sources */,
				364BE4FDE6D6BCBE2F62E439 /* JSTHandshakeViewController.m in Sources */,
				386537103BF9B83839200242 /* JSTMorseViewController.m in Sources */,
				38653472EA11C4D380748083 /* JSTMorseView.m in Sources */,
				3865332A1FD887DA823AF9D7 /* JSTMorseDetector.m in Sources */,
				3865335197807DB328DBC7BD /* JSTDiceViewController.m in Sources */,
				3865392909AE283B4E866461 /* JSTDiceView.m in Sources */,
				386535772BC8E97D11109519 /* JSTDice.m in Sources */,
				364BEB24123CE542BAF2607E /* JSTBlowViewController.m in Sources */,
				364BEF7C19ADB1ED844BF289 /* JSTBlowView.m in Sources */,
				364BE6A811F5F68BB6BA4311 /* JSTPressureViewController.m in Sources */,
				364BE780EBC9A9D2D49D1A59 /* JSTPressureView.m in Sources */,
				38653250807910DB0FFB2AB1 /* JSTClicker.m in Sources */,
				38653FF3CE1CF4C32D05EF22 /* JSTClickerView.m in Sources */,
				3865311A7CFD967FB7E60B50 /* JSTClickerViewController.m in Sources */,
				364BE3EA52189F3AF34C8732 /* JSTRootViewCell.m in Sources */,
				364BEDAD834A059D842E90C0 /* UIColor+JSTExtensions.m in Sources */,
				364BE21BCD96184004AB5552 /* JSTDetailsHeaderView.m in Sources */,
			);
			runOnlyForDeploymentPostprocessing = 0;
		};
		155655D41A4855FA0041AE4F /* Sources */ = {
			isa = PBXSourcesBuildPhase;
			buildActionMask = 2147483647;
			files = (
				155655DF1A4855FA0041AE4F /* JitterTISensorTagTests.m in Sources */,
			);
			runOnlyForDeploymentPostprocessing = 0;
		};
/* End PBXSourcesBuildPhase section */

/* Begin PBXTargetDependency section */
		155655DA1A4855FA0041AE4F /* PBXTargetDependency */ = {
			isa = PBXTargetDependency;
			target = 155655BB1A4855F90041AE4F /* JitterTISensorTag */;
			targetProxy = 155655D91A4855FA0041AE4F /* PBXContainerItemProxy */;
		};
/* End PBXTargetDependency section */

/* Begin XCBuildConfiguration section */
		155655E01A4855FA0041AE4F /* Debug */ = {
			isa = XCBuildConfiguration;
			buildSettings = {
				ALWAYS_SEARCH_USER_PATHS = NO;
				CLANG_CXX_LANGUAGE_STANDARD = "gnu++0x";
				CLANG_CXX_LIBRARY = "libc++";
				CLANG_ENABLE_MODULES = YES;
				CLANG_ENABLE_OBJC_ARC = YES;
				CLANG_WARN_BOOL_CONVERSION = YES;
				CLANG_WARN_CONSTANT_CONVERSION = YES;
				CLANG_WARN_DIRECT_OBJC_ISA_USAGE = YES_ERROR;
				CLANG_WARN_EMPTY_BODY = YES;
				CLANG_WARN_ENUM_CONVERSION = YES;
				CLANG_WARN_INT_CONVERSION = YES;
				CLANG_WARN_OBJC_ROOT_CLASS = YES_ERROR;
				CLANG_WARN_UNREACHABLE_CODE = YES;
				CLANG_WARN__DUPLICATE_METHOD_MATCH = YES;
				"CODE_SIGN_IDENTITY[sdk=iphoneos*]" = "iPhone Developer";
				COPY_PHASE_STRIP = NO;
				ENABLE_STRICT_OBJC_MSGSEND = YES;
				GCC_C_LANGUAGE_STANDARD = gnu99;
				GCC_DYNAMIC_NO_PIC = NO;
				GCC_OPTIMIZATION_LEVEL = 0;
				GCC_PREPROCESSOR_DEFINITIONS = (
					"DEBUG=1",
					"$(inherited)",
				);
				GCC_SYMBOLS_PRIVATE_EXTERN = NO;
				GCC_WARN_64_TO_32_BIT_CONVERSION = YES;
				GCC_WARN_ABOUT_RETURN_TYPE = YES_ERROR;
				GCC_WARN_UNDECLARED_SELECTOR = YES;
				GCC_WARN_UNINITIALIZED_AUTOS = YES_AGGRESSIVE;
				GCC_WARN_UNUSED_FUNCTION = YES;
				GCC_WARN_UNUSED_VARIABLE = YES;
				IPHONEOS_DEPLOYMENT_TARGET = 8.1;
				MTL_ENABLE_DEBUG_INFO = YES;
				ONLY_ACTIVE_ARCH = YES;
				SDKROOT = iphoneos;
			};
			name = Debug;
		};
		155655E11A4855FA0041AE4F /* Release */ = {
			isa = XCBuildConfiguration;
			buildSettings = {
				ALWAYS_SEARCH_USER_PATHS = NO;
				CLANG_CXX_LANGUAGE_STANDARD = "gnu++0x";
				CLANG_CXX_LIBRARY = "libc++";
				CLANG_ENABLE_MODULES = YES;
				CLANG_ENABLE_OBJC_ARC = YES;
				CLANG_WARN_BOOL_CONVERSION = YES;
				CLANG_WARN_CONSTANT_CONVERSION = YES;
				CLANG_WARN_DIRECT_OBJC_ISA_USAGE = YES_ERROR;
				CLANG_WARN_EMPTY_BODY = YES;
				CLANG_WARN_ENUM_CONVERSION = YES;
				CLANG_WARN_INT_CONVERSION = YES;
				CLANG_WARN_OBJC_ROOT_CLASS = YES_ERROR;
				CLANG_WARN_UNREACHABLE_CODE = YES;
				CLANG_WARN__DUPLICATE_METHOD_MATCH = YES;
				"CODE_SIGN_IDENTITY[sdk=iphoneos*]" = "iPhone Developer";
				COPY_PHASE_STRIP = YES;
				ENABLE_NS_ASSERTIONS = NO;
				ENABLE_STRICT_OBJC_MSGSEND = YES;
				GCC_C_LANGUAGE_STANDARD = gnu99;
				GCC_WARN_64_TO_32_BIT_CONVERSION = YES;
				GCC_WARN_ABOUT_RETURN_TYPE = YES_ERROR;
				GCC_WARN_UNDECLARED_SELECTOR = YES;
				GCC_WARN_UNINITIALIZED_AUTOS = YES_AGGRESSIVE;
				GCC_WARN_UNUSED_FUNCTION = YES;
				GCC_WARN_UNUSED_VARIABLE = YES;
				IPHONEOS_DEPLOYMENT_TARGET = 8.1;
				MTL_ENABLE_DEBUG_INFO = NO;
				SDKROOT = iphoneos;
				VALIDATE_PRODUCT = YES;
			};
			name = Release;
		};
		155655E31A4855FA0041AE4F /* Debug */ = {
			isa = XCBuildConfiguration;
			baseConfigurationReference = 78CEF60169CCCE839EF3BA72 /* Pods.debug.xcconfig */;
			buildSettings = {
				ASSETCATALOG_COMPILER_APPICON_NAME = AppIcon;
				CODE_SIGN_IDENTITY = "iPhone Developer";
				GCC_PRECOMPILE_PREFIX_HEADER = YES;
				GCC_PREFIX_HEADER = "JitterTISensorTag/JitterTISensorTag-Prefix.pch";
				INFOPLIST_FILE = JitterTISensorTag/Info.plist;
				IPHONEOS_DEPLOYMENT_TARGET = 7.0;
				LD_RUNPATH_SEARCH_PATHS = "$(inherited) @executable_path/Frameworks";
				PRODUCT_NAME = "$(TARGET_NAME)";
				USER_HEADER_SEARCH_PATHS = "\"${PROJECT_DIR}/Pods\"/**";
			};
			name = Debug;
		};
		155655E41A4855FA0041AE4F /* Release */ = {
			isa = XCBuildConfiguration;
			baseConfigurationReference = 7D5BEF8888945879B4E185CD /* Pods.release.xcconfig */;
			buildSettings = {
				ASSETCATALOG_COMPILER_APPICON_NAME = AppIcon;
				CODE_SIGN_IDENTITY = "iPhone Developer";
				GCC_PRECOMPILE_PREFIX_HEADER = YES;
				GCC_PREFIX_HEADER = "JitterTISensorTag/JitterTISensorTag-Prefix.pch";
				INFOPLIST_FILE = JitterTISensorTag/Info.plist;
				IPHONEOS_DEPLOYMENT_TARGET = 7.0;
				LD_RUNPATH_SEARCH_PATHS = "$(inherited) @executable_path/Frameworks";
				PRODUCT_NAME = "$(TARGET_NAME)";
				USER_HEADER_SEARCH_PATHS = "\"${PROJECT_DIR}/Pods\"/**";
			};
			name = Release;
		};
		155655E61A4855FA0041AE4F /* Debug */ = {
			isa = XCBuildConfiguration;
			buildSettings = {
				BUNDLE_LOADER = "$(TEST_HOST)";
				FRAMEWORK_SEARCH_PATHS = (
					"$(SDKROOT)/Developer/Library/Frameworks",
					"$(inherited)",
				);
				GCC_PREPROCESSOR_DEFINITIONS = (
					"DEBUG=1",
					"$(inherited)",
				);
				INFOPLIST_FILE = JitterTISensorTagTests/Info.plist;
				LD_RUNPATH_SEARCH_PATHS = "$(inherited) @executable_path/Frameworks @loader_path/Frameworks";
				PRODUCT_NAME = "$(TARGET_NAME)";
				TEST_HOST = "$(BUILT_PRODUCTS_DIR)/JitterTISensorTag.app/JitterTISensorTag";
			};
			name = Debug;
		};
		155655E71A4855FA0041AE4F /* Release */ = {
			isa = XCBuildConfiguration;
			buildSettings = {
				BUNDLE_LOADER = "$(TEST_HOST)";
				FRAMEWORK_SEARCH_PATHS = (
					"$(SDKROOT)/Developer/Library/Frameworks",
					"$(inherited)",
				);
				INFOPLIST_FILE = JitterTISensorTagTests/Info.plist;
				LD_RUNPATH_SEARCH_PATHS = "$(inherited) @executable_path/Frameworks @loader_path/Frameworks";
				PRODUCT_NAME = "$(TARGET_NAME)";
				TEST_HOST = "$(BUILT_PRODUCTS_DIR)/JitterTISensorTag.app/JitterTISensorTag";
			};
			name = Release;
		};
/* End XCBuildConfiguration section */

/* Begin XCConfigurationList section */
		155655B71A4855F90041AE4F /* Build configuration list for PBXProject "JitterTISensorTag" */ = {
			isa = XCConfigurationList;
			buildConfigurations = (
				155655E01A4855FA0041AE4F /* Debug */,
				155655E11A4855FA0041AE4F /* Release */,
			);
			defaultConfigurationIsVisible = 0;
			defaultConfigurationName = Release;
		};
		155655E21A4855FA0041AE4F /* Build configuration list for PBXNativeTarget "JitterTISensorTag" */ = {
			isa = XCConfigurationList;
			buildConfigurations = (
				155655E31A4855FA0041AE4F /* Debug */,
				155655E41A4855FA0041AE4F /* Release */,
			);
			defaultConfigurationIsVisible = 0;
			defaultConfigurationName = Release;
		};
		155655E51A4855FA0041AE4F /* Build configuration list for PBXNativeTarget "JitterTISensorTagTests" */ = {
			isa = XCConfigurationList;
			buildConfigurations = (
				155655E61A4855FA0041AE4F /* Debug */,
				155655E71A4855FA0041AE4F /* Release */,
			);
			defaultConfigurationIsVisible = 0;
			defaultConfigurationName = Release;
		};
/* End XCConfigurationList section */

/* Begin XCVersionGroup section */
		155655C61A4855F90041AE4F /* JitterTISensorTag.xcdatamodeld */ = {
			isa = XCVersionGroup;
			children = (
				155655C71A4855F90041AE4F /* JitterTISensorTag.xcdatamodel */,
			);
			currentVersion = 155655C71A4855F90041AE4F /* JitterTISensorTag.xcdatamodel */;
			path = JitterTISensorTag.xcdatamodeld;
			sourceTree = "<group>";
			versionGroupType = wrapper.xcdatamodel;
		};
/* End XCVersionGroup section */
	};
	rootObject = 155655B41A4855F90041AE4F /* Project object */;
}
